
Microsoft Visual Studio Solution File, Format Version 12.00
# Visual Studio 15
Project("{FAE04EC0-301F-11D3-BF4B-00C04F79EFBC}") = "SextantSample.Android", "src\SextantSample.Android\SextantSample.Android.csproj", "{F7F347FD-3CC9-45CD-8992-DAEE997E6273}"
EndProject
Project("{FAE04EC0-301F-11D3-BF4B-00C04F79EFBC}") = "SextantSample.iOS", "src\SextantSample.iOS\SextantSample.iOS.csproj", "{D42F9597-8B5D-4B63-985E-C6981E473AF1}"
EndProject
Project("{FAE04EC0-301F-11D3-BF4B-00C04F79EFBC}") = "SextantSample", "src\SextantSample\SextantSample.csproj", "{703E3ABB-CA34-4352-9587-D57588FC62FB}"
EndProject
Project("{2150E333-8FDC-42A3-9474-1A3956D46DE8}") = ".external", ".external", "{44750BC4-C67C-4271-BF39-5852B4E3E640}"
EndProject
Project("{FAE04EC0-301F-11D3-BF4B-00C04F79EFBC}") = "Sextant.Shell", "Sextant\src\Sextant.Shell\Sextant.Shell.csproj", "{4FD5D10C-EDC7-4086-A179-B357632BEB35}"
EndProject
Project("{FAE04EC0-301F-11D3-BF4B-00C04F79EFBC}") = "Xamarin.Forms.Core", "Xamarin.Forms\Xamarin.Forms.Core\Xamarin.Forms.Core.csproj", "{59118A15-8755-4A17-8F76-7B4B067674FD}"
EndProject
Project("{FAE04EC0-301F-11D3-BF4B-00C04F79EFBC}") = "Xamarin.Forms.Xaml", "Xamarin.Forms\Xamarin.Forms.Xaml\Xamarin.Forms.Xaml.csproj", "{E4E13BF5-0346-4548-903F-B298CF0B2428}"
EndProject
Project("{FAE04EC0-301F-11D3-BF4B-00C04F79EFBC}") = "Xamarin.Forms.CustomAttributes", "Xamarin.Forms\Xamarin.Forms.CustomAttributes\Xamarin.Forms.CustomAttributes.csproj", "{4AFF85CA-4CBE-41B2-A68F-6C3E5C36540A}"
EndProject
Project("{FAE04EC0-301F-11D3-BF4B-00C04F79EFBC}") = "Xamarin.Forms.Platform", "Xamarin.Forms\Xamarin.Forms.Platform\Xamarin.Forms.Platform.csproj", "{9EBDBAB2-FB91-4831-90F7-EA92DDC88637}"
EndProject
Project("{FAE04EC0-301F-11D3-BF4B-00C04F79EFBC}") = "Sextant", "Sextant\src\Sextant\Sextant.csproj", "{52D0D46A-CF6C-4B79-BD0C-3D05670EFC45}"
EndProject
Project("{FAE04EC0-301F-11D3-BF4B-00C04F79EFBC}") = "Sextant.XamForms", "Sextant\src\Sextant.XamForms\Sextant.XamForms.csproj", "{DF8F047D-C93B-44F5-9DD3-AF81C8897C7A}"
EndProject
Project("{2150E333-8FDC-42A3-9474-1A3956D46DE8}") = "sextant", "sextant", "{01EF4132-16AE-4E8D-BA0C-39F82BE8177D}"
EndProject
Project("{2150E333-8FDC-42A3-9474-1A3956D46DE8}") = "xamarin", "xamarin", "{EA069463-E663-4E85-8B2B-212908210F9A}"
EndProject
Project("{2150E333-8FDC-42A3-9474-1A3956D46DE8}") = "targets", "targets", "{A6F224A5-6B10-42B9-B99D-97237AEF4084}"
EndProject
Global
	GlobalSection(SolutionConfigurationPlatforms) = preSolution
		Debug|Any CPU = Debug|Any CPU
		Release|Any CPU = Release|Any CPU
		Debug|iPhoneSimulator = Debug|iPhoneSimulator
		Release|iPhoneSimulator = Release|iPhoneSimulator
		Debug|iPhone = Debug|iPhone
		Release|iPhone = Release|iPhone
	EndGlobalSection
	GlobalSection(ProjectConfigurationPlatforms) = postSolution
		{F7F347FD-3CC9-45CD-8992-DAEE997E6273}.Debug|Any CPU.ActiveCfg = Debug|Any CPU
		{F7F347FD-3CC9-45CD-8992-DAEE997E6273}.Debug|Any CPU.Build.0 = Debug|Any CPU
		{F7F347FD-3CC9-45CD-8992-DAEE997E6273}.Release|Any CPU.ActiveCfg = Release|Any CPU
		{F7F347FD-3CC9-45CD-8992-DAEE997E6273}.Release|Any CPU.Build.0 = Release|Any CPU
		{F7F347FD-3CC9-45CD-8992-DAEE997E6273}.Debug|iPhoneSimulator.ActiveCfg = Debug|Any CPU
		{F7F347FD-3CC9-45CD-8992-DAEE997E6273}.Debug|iPhoneSimulator.Build.0 = Debug|Any CPU
		{F7F347FD-3CC9-45CD-8992-DAEE997E6273}.Release|iPhoneSimulator.ActiveCfg = Release|Any CPU
		{F7F347FD-3CC9-45CD-8992-DAEE997E6273}.Release|iPhoneSimulator.Build.0 = Release|Any CPU
		{F7F347FD-3CC9-45CD-8992-DAEE997E6273}.Debug|iPhone.ActiveCfg = Debug|Any CPU
		{F7F347FD-3CC9-45CD-8992-DAEE997E6273}.Debug|iPhone.Build.0 = Debug|Any CPU
		{F7F347FD-3CC9-45CD-8992-DAEE997E6273}.Release|iPhone.ActiveCfg = Release|Any CPU
		{F7F347FD-3CC9-45CD-8992-DAEE997E6273}.Release|iPhone.Build.0 = Release|Any CPU
		{D42F9597-8B5D-4B63-985E-C6981E473AF1}.Debug|Any CPU.ActiveCfg = Debug|iPhoneSimulator
		{D42F9597-8B5D-4B63-985E-C6981E473AF1}.Debug|Any CPU.Build.0 = Debug|iPhoneSimulator
		{D42F9597-8B5D-4B63-985E-C6981E473AF1}.Release|Any CPU.ActiveCfg = Release|iPhoneSimulator
		{D42F9597-8B5D-4B63-985E-C6981E473AF1}.Release|Any CPU.Build.0 = Release|iPhoneSimulator
		{D42F9597-8B5D-4B63-985E-C6981E473AF1}.Debug|iPhoneSimulator.ActiveCfg = Debug|iPhoneSimulator
		{D42F9597-8B5D-4B63-985E-C6981E473AF1}.Debug|iPhoneSimulator.Build.0 = Debug|iPhoneSimulator
		{D42F9597-8B5D-4B63-985E-C6981E473AF1}.Release|iPhoneSimulator.ActiveCfg = Release|iPhoneSimulator
		{D42F9597-8B5D-4B63-985E-C6981E473AF1}.Release|iPhoneSimulator.Build.0 = Release|iPhoneSimulator
		{D42F9597-8B5D-4B63-985E-C6981E473AF1}.Debug|iPhone.ActiveCfg = Debug|iPhone
		{D42F9597-8B5D-4B63-985E-C6981E473AF1}.Debug|iPhone.Build.0 = Debug|iPhone
		{D42F9597-8B5D-4B63-985E-C6981E473AF1}.Release|iPhone.ActiveCfg = Release|iPhone
		{D42F9597-8B5D-4B63-985E-C6981E473AF1}.Release|iPhone.Build.0 = Release|iPhone
		{703E3ABB-CA34-4352-9587-D57588FC62FB}.Debug|Any CPU.ActiveCfg = Debug|Any CPU
		{703E3ABB-CA34-4352-9587-D57588FC62FB}.Debug|Any CPU.Build.0 = Debug|Any CPU
		{703E3ABB-CA34-4352-9587-D57588FC62FB}.Release|Any CPU.ActiveCfg = Release|Any CPU
		{703E3ABB-CA34-4352-9587-D57588FC62FB}.Release|Any CPU.Build.0 = Release|Any CPU
		{703E3ABB-CA34-4352-9587-D57588FC62FB}.Debug|iPhoneSimulator.ActiveCfg = Debug|Any CPU
		{703E3ABB-CA34-4352-9587-D57588FC62FB}.Debug|iPhoneSimulator.Build.0 = Debug|Any CPU
		{703E3ABB-CA34-4352-9587-D57588FC62FB}.Release|iPhoneSimulator.ActiveCfg = Release|Any CPU
		{703E3ABB-CA34-4352-9587-D57588FC62FB}.Release|iPhoneSimulator.Build.0 = Release|Any CPU
		{703E3ABB-CA34-4352-9587-D57588FC62FB}.Debug|iPhone.ActiveCfg = Debug|Any CPU
		{703E3ABB-CA34-4352-9587-D57588FC62FB}.Debug|iPhone.Build.0 = Debug|Any CPU
		{703E3ABB-CA34-4352-9587-D57588FC62FB}.Release|iPhone.ActiveCfg = Release|Any CPU
		{703E3ABB-CA34-4352-9587-D57588FC62FB}.Release|iPhone.Build.0 = Release|Any CPU
		{4FD5D10C-EDC7-4086-A179-B357632BEB35}.Debug|Any CPU.ActiveCfg = Debug|Any CPU
		{4FD5D10C-EDC7-4086-A179-B357632BEB35}.Debug|Any CPU.Build.0 = Debug|Any CPU
		{4FD5D10C-EDC7-4086-A179-B357632BEB35}.Release|Any CPU.ActiveCfg = Release|Any CPU
		{4FD5D10C-EDC7-4086-A179-B357632BEB35}.Release|Any CPU.Build.0 = Release|Any CPU
		{4FD5D10C-EDC7-4086-A179-B357632BEB35}.Debug|iPhoneSimulator.ActiveCfg = Debug|Any CPU
		{4FD5D10C-EDC7-4086-A179-B357632BEB35}.Debug|iPhoneSimulator.Build.0 = Debug|Any CPU
		{4FD5D10C-EDC7-4086-A179-B357632BEB35}.Release|iPhoneSimulator.ActiveCfg = Release|Any CPU
		{4FD5D10C-EDC7-4086-A179-B357632BEB35}.Release|iPhoneSimulator.Build.0 = Release|Any CPU
		{4FD5D10C-EDC7-4086-A179-B357632BEB35}.Debug|iPhone.ActiveCfg = Debug|Any CPU
		{4FD5D10C-EDC7-4086-A179-B357632BEB35}.Debug|iPhone.Build.0 = Debug|Any CPU
		{4FD5D10C-EDC7-4086-A179-B357632BEB35}.Release|iPhone.ActiveCfg = Release|Any CPU
		{4FD5D10C-EDC7-4086-A179-B357632BEB35}.Release|iPhone.Build.0 = Release|Any CPU
		{59118A15-8755-4A17-8F76-7B4B067674FD}.Debug|Any CPU.ActiveCfg = Debug|Any CPU
		{59118A15-8755-4A17-8F76-7B4B067674FD}.Debug|Any CPU.Build.0 = Debug|Any CPU
		{59118A15-8755-4A17-8F76-7B4B067674FD}.Release|Any CPU.ActiveCfg = Release|Any CPU
		{59118A15-8755-4A17-8F76-7B4B067674FD}.Release|Any CPU.Build.0 = Release|Any CPU
		{59118A15-8755-4A17-8F76-7B4B067674FD}.Debug|iPhoneSimulator.ActiveCfg = Debug|Any CPU
		{59118A15-8755-4A17-8F76-7B4B067674FD}.Debug|iPhoneSimulator.Build.0 = Debug|Any CPU
		{59118A15-8755-4A17-8F76-7B4B067674FD}.Release|iPhoneSimulator.ActiveCfg = Release|Any CPU
		{59118A15-8755-4A17-8F76-7B4B067674FD}.Release|iPhoneSimulator.Build.0 = Release|Any CPU
		{59118A15-8755-4A17-8F76-7B4B067674FD}.Debug|iPhone.ActiveCfg = Debug|Any CPU
		{59118A15-8755-4A17-8F76-7B4B067674FD}.Debug|iPhone.Build.0 = Debug|Any CPU
		{59118A15-8755-4A17-8F76-7B4B067674FD}.Release|iPhone.ActiveCfg = Release|Any CPU
		{59118A15-8755-4A17-8F76-7B4B067674FD}.Release|iPhone.Build.0 = Release|Any CPU
		{E4E13BF5-0346-4548-903F-B298CF0B2428}.Debug|Any CPU.ActiveCfg = Debug|Any CPU
		{E4E13BF5-0346-4548-903F-B298CF0B2428}.Debug|Any CPU.Build.0 = Debug|Any CPU
		{E4E13BF5-0346-4548-903F-B298CF0B2428}.Release|Any CPU.ActiveCfg = Release|Any CPU
		{E4E13BF5-0346-4548-903F-B298CF0B2428}.Release|Any CPU.Build.0 = Release|Any CPU
		{E4E13BF5-0346-4548-903F-B298CF0B2428}.Debug|iPhoneSimulator.ActiveCfg = Debug|Any CPU
		{E4E13BF5-0346-4548-903F-B298CF0B2428}.Debug|iPhoneSimulator.Build.0 = Debug|Any CPU
		{E4E13BF5-0346-4548-903F-B298CF0B2428}.Release|iPhoneSimulator.ActiveCfg = Release|Any CPU
		{E4E13BF5-0346-4548-903F-B298CF0B2428}.Release|iPhoneSimulator.Build.0 = Release|Any CPU
		{E4E13BF5-0346-4548-903F-B298CF0B2428}.Debug|iPhone.ActiveCfg = Debug|Any CPU
		{E4E13BF5-0346-4548-903F-B298CF0B2428}.Debug|iPhone.Build.0 = Debug|Any CPU
		{E4E13BF5-0346-4548-903F-B298CF0B2428}.Release|iPhone.ActiveCfg = Release|Any CPU
		{E4E13BF5-0346-4548-903F-B298CF0B2428}.Release|iPhone.Build.0 = Release|Any CPU
		{4AFF85CA-4CBE-41B2-A68F-6C3E5C36540A}.Debug|Any CPU.ActiveCfg = Debug|Any CPU
		{4AFF85CA-4CBE-41B2-A68F-6C3E5C36540A}.Debug|Any CPU.Build.0 = Debug|Any CPU
		{4AFF85CA-4CBE-41B2-A68F-6C3E5C36540A}.Release|Any CPU.ActiveCfg = Release|Any CPU
		{4AFF85CA-4CBE-41B2-A68F-6C3E5C36540A}.Release|Any CPU.Build.0 = Release|Any CPU
		{4AFF85CA-4CBE-41B2-A68F-6C3E5C36540A}.Debug|iPhoneSimulator.ActiveCfg = Debug|Any CPU
		{4AFF85CA-4CBE-41B2-A68F-6C3E5C36540A}.Debug|iPhoneSimulator.Build.0 = Debug|Any CPU
		{4AFF85CA-4CBE-41B2-A68F-6C3E5C36540A}.Release|iPhoneSimulator.ActiveCfg = Release|Any CPU
		{4AFF85CA-4CBE-41B2-A68F-6C3E5C36540A}.Release|iPhoneSimulator.Build.0 = Release|Any CPU
		{4AFF85CA-4CBE-41B2-A68F-6C3E5C36540A}.Debug|iPhone.ActiveCfg = Debug|Any CPU
		{4AFF85CA-4CBE-41B2-A68F-6C3E5C36540A}.Debug|iPhone.Build.0 = Debug|Any CPU
		{4AFF85CA-4CBE-41B2-A68F-6C3E5C36540A}.Release|iPhone.ActiveCfg = Release|Any CPU
		{4AFF85CA-4CBE-41B2-A68F-6C3E5C36540A}.Release|iPhone.Build.0 = Release|Any CPU
		{9EBDBAB2-FB91-4831-90F7-EA92DDC88637}.Debug|Any CPU.ActiveCfg = Debug|Any CPU
		{9EBDBAB2-FB91-4831-90F7-EA92DDC88637}.Debug|Any CPU.Build.0 = Debug|Any CPU
		{9EBDBAB2-FB91-4831-90F7-EA92DDC88637}.Release|Any CPU.ActiveCfg = Release|Any CPU
		{9EBDBAB2-FB91-4831-90F7-EA92DDC88637}.Release|Any CPU.Build.0 = Release|Any CPU
		{9EBDBAB2-FB91-4831-90F7-EA92DDC88637}.Debug|iPhoneSimulator.ActiveCfg = Debug|Any CPU
		{9EBDBAB2-FB91-4831-90F7-EA92DDC88637}.Debug|iPhoneSimulator.Build.0 = Debug|Any CPU
		{9EBDBAB2-FB91-4831-90F7-EA92DDC88637}.Release|iPhoneSimulator.ActiveCfg = Release|Any CPU
		{9EBDBAB2-FB91-4831-90F7-EA92DDC88637}.Release|iPhoneSimulator.Build.0 = Release|Any CPU
		{9EBDBAB2-FB91-4831-90F7-EA92DDC88637}.Debug|iPhone.ActiveCfg = Debug|Any CPU
		{9EBDBAB2-FB91-4831-90F7-EA92DDC88637}.Debug|iPhone.Build.0 = Debug|Any CPU
		{9EBDBAB2-FB91-4831-90F7-EA92DDC88637}.Release|iPhone.ActiveCfg = Release|Any CPU
		{9EBDBAB2-FB91-4831-90F7-EA92DDC88637}.Release|iPhone.Build.0 = Release|Any CPU
		{52D0D46A-CF6C-4B79-BD0C-3D05670EFC45}.Debug|Any CPU.ActiveCfg = Debug|Any CPU
		{52D0D46A-CF6C-4B79-BD0C-3D05670EFC45}.Debug|Any CPU.Build.0 = Debug|Any CPU
		{52D0D46A-CF6C-4B79-BD0C-3D05670EFC45}.Release|Any CPU.ActiveCfg = Release|Any CPU
		{52D0D46A-CF6C-4B79-BD0C-3D05670EFC45}.Release|Any CPU.Build.0 = Release|Any CPU
		{52D0D46A-CF6C-4B79-BD0C-3D05670EFC45}.Debug|iPhoneSimulator.ActiveCfg = Debug|Any CPU
		{52D0D46A-CF6C-4B79-BD0C-3D05670EFC45}.Debug|iPhoneSimulator.Build.0 = Debug|Any CPU
		{52D0D46A-CF6C-4B79-BD0C-3D05670EFC45}.Release|iPhoneSimulator.ActiveCfg = Release|Any CPU
		{52D0D46A-CF6C-4B79-BD0C-3D05670EFC45}.Release|iPhoneSimulator.Build.0 = Release|Any CPU
		{52D0D46A-CF6C-4B79-BD0C-3D05670EFC45}.Debug|iPhone.ActiveCfg = Debug|Any CPU
		{52D0D46A-CF6C-4B79-BD0C-3D05670EFC45}.Debug|iPhone.Build.0 = Debug|Any CPU
		{52D0D46A-CF6C-4B79-BD0C-3D05670EFC45}.Release|iPhone.ActiveCfg = Release|Any CPU
		{52D0D46A-CF6C-4B79-BD0C-3D05670EFC45}.Release|iPhone.Build.0 = Release|Any CPU
		{DF8F047D-C93B-44F5-9DD3-AF81C8897C7A}.Debug|Any CPU.ActiveCfg = Debug|Any CPU
		{DF8F047D-C93B-44F5-9DD3-AF81C8897C7A}.Debug|Any CPU.Build.0 = Debug|Any CPU
		{DF8F047D-C93B-44F5-9DD3-AF81C8897C7A}.Release|Any CPU.ActiveCfg = Release|Any CPU
		{DF8F047D-C93B-44F5-9DD3-AF81C8897C7A}.Release|Any CPU.Build.0 = Release|Any CPU
		{DF8F047D-C93B-44F5-9DD3-AF81C8897C7A}.Debug|iPhoneSimulator.ActiveCfg = Debug|Any CPU
		{DF8F047D-C93B-44F5-9DD3-AF81C8897C7A}.Debug|iPhoneSimulator.Build.0 = Debug|Any CPU
		{DF8F047D-C93B-44F5-9DD3-AF81C8897C7A}.Release|iPhoneSimulator.ActiveCfg = Release|Any CPU
		{DF8F047D-C93B-44F5-9DD3-AF81C8897C7A}.Release|iPhoneSimulator.Build.0 = Release|Any CPU
		{DF8F047D-C93B-44F5-9DD3-AF81C8897C7A}.Debug|iPhone.ActiveCfg = Debug|Any CPU
		{DF8F047D-C93B-44F5-9DD3-AF81C8897C7A}.Debug|iPhone.Build.0 = Debug|Any CPU
		{DF8F047D-C93B-44F5-9DD3-AF81C8897C7A}.Release|iPhone.ActiveCfg = Release|Any CPU
		{DF8F047D-C93B-44F5-9DD3-AF81C8897C7A}.Release|iPhone.Build.0 = Release|Any CPU
	EndGlobalSection
	GlobalSection(NestedProjects) = preSolution
		{01EF4132-16AE-4E8D-BA0C-39F82BE8177D} = {44750BC4-C67C-4271-BF39-5852B4E3E640}
		{EA069463-E663-4E85-8B2B-212908210F9A} = {44750BC4-C67C-4271-BF39-5852B4E3E640}
		{52D0D46A-CF6C-4B79-BD0C-3D05670EFC45} = {01EF4132-16AE-4E8D-BA0C-39F82BE8177D}
		{4FD5D10C-EDC7-4086-A179-B357632BEB35} = {01EF4132-16AE-4E8D-BA0C-39F82BE8177D}
		{DF8F047D-C93B-44F5-9DD3-AF81C8897C7A} = {01EF4132-16AE-4E8D-BA0C-39F82BE8177D}
		{59118A15-8755-4A17-8F76-7B4B067674FD} = {EA069463-E663-4E85-8B2B-212908210F9A}
		{4AFF85CA-4CBE-41B2-A68F-6C3E5C36540A} = {EA069463-E663-4E85-8B2B-212908210F9A}
		{9EBDBAB2-FB91-4831-90F7-EA92DDC88637} = {EA069463-E663-4E85-8B2B-212908210F9A}
		{E4E13BF5-0346-4548-903F-B298CF0B2428} = {EA069463-E663-4E85-8B2B-212908210F9A}
		{F7F347FD-3CC9-45CD-8992-DAEE997E6273} = {A6F224A5-6B10-42B9-B99D-97237AEF4084}
		{D42F9597-8B5D-4B63-985E-C6981E473AF1} = {A6F224A5-6B10-42B9-B99D-97237AEF4084}
	EndGlobalSection
EndGlobal
